
Microsoft Visual Studio Solution File, Format Version 11.00
# Visual Studio 2010
Project("{E24C65DC-7377-472B-9ABA-BC803B73C61A}") = "html", ".", "{EB4E1B83-5A12-4AB8-8C52-9D7D462B97BB}"
	ProjectSection(WebsiteProperties) = preProject
		TargetFrameworkMoniker = ".NETFramework,Version%3Dv4.0"
		Debug.AspNetCompiler.VirtualPath = "/html"
		Debug.AspNetCompiler.PhysicalPath = "..\..\..\..\workspace\TestAppAgrario\assets\html\"
		Debug.AspNetCompiler.TargetPath = "PrecompiledWeb\html\"
		Debug.AspNetCompiler.Updateable = "true"
		Debug.AspNetCompiler.ForceOverwrite = "true"
		Debug.AspNetCompiler.FixedNames = "false"
		Debug.AspNetCompiler.Debug = "True"
		Release.AspNetCompiler.VirtualPath = "/html"
		Release.AspNetCompiler.PhysicalPath = "..\..\..\..\workspace\TestAppAgrario\assets\html\"
		Release.AspNetCompiler.TargetPath = "PrecompiledWeb\html\"
		Release.AspNetCompiler.Updateable = "true"
		Release.AspNetCompiler.ForceOverwrite = "true"
		Release.AspNetCompiler.FixedNames = "false"
		Release.AspNetCompiler.Debug = "False"
		VWDPort = "2128"
	EndProjectSection
EndProject
Global
	GlobalSection(SolutionConfigurationPlatforms) = preSolution
		Debug|Any CPU = Debug|Any CPU
	EndGlobalSection
	GlobalSection(ProjectConfigurationPlatforms) = postSolution
		{EB4E1B83-5A12-4AB8-8C52-9D7D462B97BB}.Debug|Any CPU.ActiveCfg = Debug|Any CPU
		{EB4E1B83-5A12-4AB8-8C52-9D7D462B97BB}.Debug|Any CPU.Build.0 = Debug|Any CPU
	EndGlobalSection
	GlobalSection(SolutionProperties) = preSolution
		HideSolutionNode = FALSE
	EndGlobalSection
EndGlobal
